
Microsoft Visual Studio Solution File, Format Version 12.00
# Visual Studio Version 16
VisualStudioVersion = 16.0.29025.244
MinimumVisualStudioVersion = 10.0.40219.1
Project("{E24C65DC-7377-472B-9ABA-BC803B73C61A}") = "MapPathDemo", "MapPathDemo\", "{8011EA4F-3D4F-4526-897D-6F39DE647D86}"
	ProjectSection(WebsiteProperties) = preProject
		TargetFrameworkMoniker = ".NETFramework,Version%3Dv4.7.2"
		Debug.AspNetCompiler.VirtualPath = "/localhost_65271"
		Debug.AspNetCompiler.PhysicalPath = "MapPathDemo\"
		Debug.AspNetCompiler.TargetPath = "PrecompiledWeb\localhost_65271\"
		Debug.AspNetCompiler.Updateable = "true"
		Debug.AspNetCompiler.ForceOverwrite = "true"
		Debug.AspNetCompiler.FixedNames = "false"
		Debug.AspNetCompiler.Debug = "True"
		Release.AspNetCompiler.VirtualPath = "/localhost_65271"
		Release.AspNetCompiler.PhysicalPath = "MapPathDemo\"
		Release.AspNetCompiler.TargetPath = "PrecompiledWeb\localhost_65271\"
		Release.AspNetCompiler.Updateable = "true"
		Release.AspNetCompiler.ForceOverwrite = "true"
		Release.AspNetCompiler.FixedNames = "false"
		Release.AspNetCompiler.Debug = "False"
		VWDPort = "65271"
		SlnRelativePath = "MapPathDemo\"
		DefaultWebSiteLanguage = "Visual C#"
	EndProjectSection
EndProject
Global
	GlobalSection(SolutionConfigurationPlatforms) = preSolution
		Debug|Any CPU = Debug|Any CPU
	EndGlobalSection
	GlobalSection(ProjectConfigurationPlatforms) = postSolution
		{8011EA4F-3D4F-4526-897D-6F39DE647D86}.Debug|Any CPU.ActiveCfg = Debug|Any CPU
		{8011EA4F-3D4F-4526-897D-6F39DE647D86}.Debug|Any CPU.Build.0 = Debug|Any CPU
	EndGlobalSection
	GlobalSection(SolutionProperties) = preSolution
		HideSolutionNode = FALSE
	EndGlobalSection
	GlobalSection(ExtensibilityGlobals) = postSolution
		SolutionGuid = {62F3933A-D486-4211-97AB-773E9C3D4144}
	EndGlobalSection
EndGlobal
